
Microsoft Visual Studio Solution File, Format Version 12.00
# Visual Studio 15
VisualStudioVersion = 15.0.28307.1267
MinimumVisualStudioVersion = 10.0.40219.1
Project("{FAE04EC0-301F-11D3-BF4B-00C04F79EFBC}") = "ChannelEngineConsole", "ChannelEngineConsole\ChannelEngineConsole.csproj", "{5302D803-5D94-41B8-A52B-FD6F549F0EC9}"
EndProject
Global
	GlobalSection(SolutionConfigurationPlatforms) = preSolution
		Debug|Any CPU = Debug|Any CPU
		Release|Any CPU = Release|Any CPU
	EndGlobalSection
	GlobalSection(ProjectConfigurationPlatforms) = postSolution
		{5302D803-5D94-41B8-A52B-FD6F549F0EC9}.Debug|Any CPU.ActiveCfg = Debug|Any CPU
		{5302D803-5D94-41B8-A52B-FD6F549F0EC9}.Debug|Any CPU.Build.0 = Debug|Any CPU
		{5302D803-5D94-41B8-A52B-FD6F549F0EC9}.Release|Any CPU.ActiveCfg = Release|Any CPU
		{5302D803-5D94-41B8-A52B-FD6F549F0EC9}.Release|Any CPU.Build.0 = Release|Any CPU
	EndGlobalSection
	GlobalSection(SolutionProperties) = preSolution
		HideSolutionNode = FALSE
	EndGlobalSection
	GlobalSection(ExtensibilityGlobals) = postSolution
		SolutionGuid = {AFAD96AC-74C0-4C63-8D35-AE471FAC5865}
	EndGlobalSection
EndGlobal
